# This file is automatically @generated by Cargo.
# It is not intended for manual editing.
version = 4

[[package]]
name = "anp-adapter"
version = "0.1.0"

[[package]]
name = "card-spec"
version = "0.1.0"

[[package]]
name = "component-runtime"
version = "0.1.0"

[[package]]
name = "consent-audit"
version = "0.1.0"

[[package]]
name = "demo-server"
version = "0.1.0"

[[package]]
name = "dock-cli"
version = "0.1.0"

[[package]]
name = "dock-core"
version = "0.1.0"

[[package]]
name = "js-runtime-quickjs"
version = "0.1.0"

[[package]]
name = "mcp-schema"
version = "0.1.0"

[[package]]
name = "skill-loader"
version = "0.1.0"

[[package]]
name = "wx-compat"
version = "0.1.0"
